
Microsoft Visual Studio Solution File, Format Version 12.00
# Visual Studio Version 17
VisualStudioVersion = 17.13.35919.96 d17.13
MinimumVisualStudioVersion = 10.0.40219.1
Project("{FAE04EC0-301F-11D3-BF4B-00C04F79EFBC}") = "Curl_maui", "Curl_maui.csproj", "{A687CC74-AA00-422B-9F5C-65F700B770A1}"
EndProject
Global
	GlobalSection(SolutionConfigurationPlatforms) = preSolution
		Debug|Any CPU = Debug|Any CPU
		Release|Any CPU = Release|Any CPU
	EndGlobalSection
	GlobalSection(ProjectConfigurationPlatforms) = postSolution
		{A687CC74-AA00-422B-9F5C-65F700B770A1}.Debug|Any CPU.ActiveCfg = Debug|Any CPU
		{A687CC74-AA00-422B-9F5C-65F700B770A1}.Debug|Any CPU.Build.0 = Debug|Any CPU
		{A687CC74-AA00-422B-9F5C-65F700B770A1}.Release|Any CPU.ActiveCfg = Release|Any CPU
		{A687CC74-AA00-422B-9F5C-65F700B770A1}.Release|Any CPU.Build.0 = Release|Any CPU
	EndGlobalSection
	GlobalSection(SolutionProperties) = preSolution
		HideSolutionNode = FALSE
	EndGlobalSection
	GlobalSection(ExtensibilityGlobals) = postSolution
		SolutionGuid = {32E1BE56-279D-4447-943C-3D01C199C7C9}
	EndGlobalSection
EndGlobal
